# This file is automatically @generated by Cargo.
# It is not intended for manual editing.
version = 3

[[package]]
name = "citecite"
version = "0.1.0"

[[package]]
name = "embedrank"
version = "0.1.0"

[[package]]
name = "promptbudget"
version = "0.1.0"

[[package]]
name = "ragmetric"
version = "0.1.0"

[[package]]
name = "stopstream"
version = "0.1.0"
